{
  "name": "project",
  "lockfileVersion": 3,
  "requires": true,
  "packages": {
    "": {
      "dependencies": {
        "@azure/msal-browser": "^3.27.0"
      }
    },
    "node_modules/@azure/msal-browser": {
      "version": "3.27.0",
      "resolved": "https://registry.npmjs.org/@azure/msal-browser/-/msal-browser-3.27.0.tgz",
      "integrity": "sha512-+b4ZKSD8+vslCtVRVetkegEhOFMLP3rxDWJY212ct+2r6jVg6OSQKc1Qz3kCoXo0FgwaXkb+76TMZfpHp8QtgA==",
      "license": "MIT",
      "dependencies": {
        "@azure/msal-common": "14.16.0"
      },
      "engines": {
        "node": ">=0.8.0"
      }
    },
    "node_modules/@azure/msal-common": {
      "version": "14.16.0",
      "resolved": "https://registry.npmjs.org/@azure/msal-common/-/msal-common-14.16.0.tgz",
      "integrity": "sha512-1KOZj9IpcDSwpNiQNjt0jDYZpQvNZay7QAEi/5DLubay40iGYtLzya/jbjRPLyOTZhEKyL1MzPuw2HqBCjceYA==",
      "license": "MIT",
      "engines": {
        "node": ">=0.8.0"
      }
    }
  }
}
